
Microsoft Visual Studio Solution File, Format Version 12.00
Project("{FAE04EC0-301F-11D3-BF4B-00C04F79EFBC}") = "lanstreamer-api", "lanstreamer-api.csproj", "{3DEF8C3F-0037-42EC-A2CE-B4E95A32868F}"
EndProject
Project("{FAE04EC0-301F-11D3-BF4B-00C04F79EFBC}") = "lanstreamer-api-tests", "..\lanstreamer-api-tests\lanstreamer-api-tests.csproj", "{BAF0135A-A883-4BD4-B844-A6A2FC74149B}"
EndProject
Global
	GlobalSection(SolutionConfigurationPlatforms) = preSolution
		Debug|Any CPU = Debug|Any CPU
		Release|Any CPU = Release|Any CPU
	EndGlobalSection
	GlobalSection(ProjectConfigurationPlatforms) = postSolution
		{3DEF8C3F-0037-42EC-A2CE-B4E95A32868F}.Debug|Any CPU.ActiveCfg = Debug|Any CPU
		{3DEF8C3F-0037-42EC-A2CE-B4E95A32868F}.Debug|Any CPU.Build.0 = Debug|Any CPU
		{3DEF8C3F-0037-42EC-A2CE-B4E95A32868F}.Release|Any CPU.ActiveCfg = Release|Any CPU
		{3DEF8C3F-0037-42EC-A2CE-B4E95A32868F}.Release|Any CPU.Build.0 = Release|Any CPU
		{BAF0135A-A883-4BD4-B844-A6A2FC74149B}.Debug|Any CPU.ActiveCfg = Debug|Any CPU
		{BAF0135A-A883-4BD4-B844-A6A2FC74149B}.Debug|Any CPU.Build.0 = Debug|Any CPU
		{BAF0135A-A883-4BD4-B844-A6A2FC74149B}.Release|Any CPU.ActiveCfg = Release|Any CPU
		{BAF0135A-A883-4BD4-B844-A6A2FC74149B}.Release|Any CPU.Build.0 = Release|Any CPU
	EndGlobalSection
EndGlobal
